
Microsoft Visual Studio Solution File, Format Version 12.00
# Visual Studio Version 16
VisualStudioVersion = 16.0.31729.503
MinimumVisualStudioVersion = 10.0.40219.1
Project("{FAE04EC0-301F-11D3-BF4B-00C04F79EFBC}") = "SubtrationNumbersInReverseCode", "SubtrationNumbersInReverseCode\SubtrationNumbersInReverseCode.csproj", "{352798DA-44B3-4B7D-A63B-05D0A0C80121}"
EndProject
Global
	GlobalSection(SolutionConfigurationPlatforms) = preSolution
		Debug|Any CPU = Debug|Any CPU
		Release|Any CPU = Release|Any CPU
	EndGlobalSection
	GlobalSection(ProjectConfigurationPlatforms) = postSolution
		{352798DA-44B3-4B7D-A63B-05D0A0C80121}.Debug|Any CPU.ActiveCfg = Debug|Any CPU
		{352798DA-44B3-4B7D-A63B-05D0A0C80121}.Debug|Any CPU.Build.0 = Debug|Any CPU
		{352798DA-44B3-4B7D-A63B-05D0A0C80121}.Release|Any CPU.ActiveCfg = Release|Any CPU
		{352798DA-44B3-4B7D-A63B-05D0A0C80121}.Release|Any CPU.Build.0 = Release|Any CPU
	EndGlobalSection
	GlobalSection(SolutionProperties) = preSolution
		HideSolutionNode = FALSE
	EndGlobalSection
	GlobalSection(ExtensibilityGlobals) = postSolution
		SolutionGuid = {3383F4F5-0A96-4967-9128-BA53A46100F3}
	EndGlobalSection
EndGlobal
